<?xml version="1.0" encoding="utf-8"?>
<Project ToolsVersion="4.0" xmlns="http://schemas.microsoft.com/developer/msbuild/2003">
  <ItemGroup>
    <Filter Include="소스 파일">
      <UniqueIdentifier>{4FC737F1-C7A5-4376-A066-2A32D752A2FF}</UniqueIdentifier>
      <Extensions>cpp;c;cc;cxx;c++;cppm;ixx;def;odl;idl;hpj;bat;asm;asmx</Extensions>
    </Filter>
    <Filter Include="헤더 파일">
      <UniqueIdentifier>{93995380-89BD-4b04-88EB-625FBE52EBFB}</UniqueIdentifier>
      <Extensions>h;hh;hpp;hxx;h++;hm;inl;inc;ipp;xsd</Extensions>
    </Filter>
    <Filter Include="리소스 파일">
      <UniqueIdentifier>{67DA6AB6-F800-4c08-8B7A-83BB121AAD01}</UniqueIdentifier>
      <Extensions>rc;ico;cur;bmp;dlg;rc2;rct;bin;rgs;gif;jpg;jpeg;jpe;resx;tiff;tif;png;wav;mfcribbon-ms</Extensions>
    </Filter>
    <Filter Include="소스 파일\DailyPractice">
      <UniqueIdentifier>{78f5d133-f86e-40f1-aae9-a162b6383473}</UniqueIdentifier>
    </Filter>
  </ItemGroup>
  <ItemGroup>
    <ClCompile Include="cpp15_practice_class2.cpp">
      <Filter>소스 파일\DailyPractice</Filter>
    </ClCompile>
    <ClCompile Include="cpp02_practice.cpp">
      <Filter>소스 파일\DailyPractice</Filter>
    </ClCompile>
    <ClCompile Include="cpp03_practice_variables.cpp">
      <Filter>소스 파일\DailyPractice</Filter>
    </ClCompile>
    <ClCompile Include="cpp04_practice_operators.cpp">
      <Filter>소스 파일\DailyPractice</Filter>
    </ClCompile>
    <ClCompile Include="cpp05_practicec_if.cpp">
      <Filter>소스 파일\DailyPractice</Filter>
    </ClCompile>
    <ClCompile Include="cpp06_practice_loop.cpp">
      <Filter>소스 파일\DailyPractice</Filter>
    </ClCompile>
    <ClCompile Include="cpp07_practice_function.cpp">
      <Filter>소스 파일\DailyPractice</Filter>
    </ClCompile>
    <ClCompile Include="cpp08_practice_function2.cpp">
      <Filter>소스 파일\DailyPractice</Filter>
    </ClCompile>
    <ClCompile Include="cc09_practice_array.cpp">
      <Filter>소스 파일\DailyPractice</Filter>
    </ClCompile>
    <ClCompile Include="cpp12_practice_dynamicpointer.cpp">
      <Filter>소스 파일\DailyPractice</Filter>
    </ClCompile>
    <ClCompile Include="cpp14_practice_class.cpp">
      <Filter>소스 파일\DailyPractice</Filter>
    </ClCompile>
  </ItemGroup>
</Project>